{
    "name": "risk-io",
    "requires": true,
    "lockfileVersion": 1,
    "dependencies": {
        "cuint": {
            "version": "0.2.2",
            "resolved": "https://registry.npmjs.org/cuint/-/cuint-0.2.2.tgz",
            "integrity": "sha1-QICG1AlVDCYxFVYZ6fp7ytw7mRs="
        },
        "lz4": {
            "version": "0.5.3",
            "resolved": "https://registry.npmjs.org/lz4/-/lz4-0.5.3.tgz",
            "integrity": "sha1-zIUTM8afF/AHMprPTgurUUkMCPQ=",
            "requires": {
                "cuint": "0.2.2",
                "nan": "2.10.0",
                "xxhashjs": "0.1.1"
            }
        },
        "nan": {
            "version": "2.10.0",
            "resolved": "https://registry.npmjs.org/nan/-/nan-2.10.0.tgz",
            "integrity": "sha512-bAdJv7fBLhWC+/Bls0Oza+mvTaNQtP+1RyhhhvD95pgUJz6XM5IzgmxOkItJ9tkoCiplvAnXI1tNmmUD/eScyA=="
        },
        "uuid": {
            "version": "3.2.1",
            "resolved": "https://registry.npmjs.org/uuid/-/uuid-3.2.1.tgz",
            "integrity": "sha512-jZnMwlb9Iku/O3smGWvZhauCf6cvvpKi4BKRiliS3cxnI+Gz9j5MEpTz2UFuXiKPJocb7gnsLHwiS05ige5BEA=="
        },
        "uws": {
            "version": "10.148.0",
            "resolved": "https://registry.npmjs.org/uws/-/uws-10.148.0.tgz",
            "integrity": "sha512-aJpFgMMyxubiE/ll4nj9nWoQbv0HzZZDWXfwyu78nuFObX0Zoyv3TWjkqKPQ1vb2sMPZoz67tri7QNE6dybNmQ=="
        },
        "xxhashjs": {
            "version": "0.1.1",
            "resolved": "https://registry.npmjs.org/xxhashjs/-/xxhashjs-0.1.1.tgz",
            "integrity": "sha1-oDzhvjopRqHTH+zgwYly+L0uRk8=",
            "requires": {
                "cuint": "0.2.2"
            },
            "dependencies": {
                "cuint": {
                    "version": "0.2.2",
                    "resolved": "https://registry.npmjs.org/cuint/-/cuint-0.2.2.tgz",
                    "integrity": "sha1-QICG1AlVDCYxFVYZ6fp7ytw7mRs="
                }
            }
        }
    }
}
